PODS:
  - Alamofire (5.5.0)
  - Motion (3.1.3):
    - Motion/Core (= 3.1.3)
  - Motion/Core (3.1.3)
  - SnapKit (5.0.1)
  - SwiftFontName (4.0.0)

DEPENDENCIES:
  - Alamofire
  - Motion
  - SnapKit
  - SwiftFontName

SPEC REPOS:
  trunk:
    - Alamofire
    - Motion
    - SnapKit
    - SwiftFontName

SPEC CHECKSUMS:
  Alamofire: 1c4fb5369c3fe93d2857c780d8bbe09f06f97e7c
  Motion: cf1e060e489f6661126374d5c60dbd2ed991605c
  SnapKit: 97b92857e3df3a0c71833cce143274bf6ef8e5eb
  SwiftFontName: 08aaa0143dadc7753587c4317d9e8a5f2c2418b5

PODFILE CHECKSUM: c77691744c30ff1ba47f97c9b770f17acca8a82e

COCOAPODS: 1.11.2
